// !$*UTF8*$!
{
	archiveVersion = 1;
	classes = {
	};
	objectVersion = 56;
	objects = {

/* Begin PBXBuildFile section */
		A10000000000000000000001 /* PreguntitasApp.swift in Sources */ = {isa = PBXBuildFile; fileRef = A20000000000000000000001 /* PreguntitasApp.swift */; };
		A10000000000000000000002 /* RootView.swift in Sources */ = {isa = PBXBuildFile; fileRef = A20000000000000000000002 /* RootView.swift */; };
		A10000000000000000000003 /* Models.swift in Sources */ = {isa = PBXBuildFile; fileRef = A20000000000000000000003 /* Models.swift */; };
		A10000000000000000000004 /* Theme.swift in Sources */ = {isa = PBXBuildFile; fileRef = A20000000000000000000004 /* Theme.swift */; };
		A10000000000000000000005 /* AppPersistence.swift in Sources */ = {isa = PBXBuildFile; fileRef = A20000000000000000000005 /* AppPersistence.swift */; };
		A10000000000000000000006 /* LocaleSupport.swift in Sources */ = {isa = PBXBuildFile; fileRef = A20000000000000000000006 /* LocaleSupport.swift */; };
		A10000000000000000000007 /* NotionConfig.swift in Sources */ = {isa = PBXBuildFile; fileRef = A20000000000000000000007 /* NotionConfig.swift */; };
		A10000000000000000000008 /* NotionClient.swift in Sources */ = {isa = PBXBuildFile; fileRef = A20000000000000000000008 /* NotionClient.swift */; };
		A10000000000000000000009 /* QuestionStore.swift in Sources */ = {isa = PBXBuildFile; fileRef = A20000000000000000000009 /* QuestionStore.swift */; };
		A1000000000000000000000A /* AppNotifications.swift in Sources */ = {isa = PBXBuildFile; fileRef = A2000000000000000000000A /* AppNotifications.swift */; };
		A1000000000000000000000B /* SplashView.swift in Sources */ = {isa = PBXBuildFile; fileRef = A2000000000000000000000B /* SplashView.swift */; };
		A1000000000000000000000C /* OnboardingView.swift in Sources */ = {isa = PBXBuildFile; fileRef = A2000000000000000000000C /* OnboardingView.swift */; };
		A1000000000000000000000D /* HomeView.swift in Sources */ = {isa = PBXBuildFile; fileRef = A2000000000000000000000D /* HomeView.swift */; };
		A1000000000000000000000E /* QuestionsDeckView.swift in Sources */ = {isa = PBXBuildFile; fileRef = A2000000000000000000000E /* QuestionsDeckView.swift */; };
		A1000000000000000000000F /* FavoritesView.swift in Sources */ = {isa = PBXBuildFile; fileRef = A2000000000000000000000F /* FavoritesView.swift */; };
		A10000000000000000000010 /* SettingsView.swift in Sources */ = {isa = PBXBuildFile; fileRef = A20000000000000000000010 /* SettingsView.swift */; };
		A10000000000000000000011 /* questions.json in Resources */ = {isa = PBXBuildFile; fileRef = A20000000000000000000011 /* questions.json */; };
		A10000000000000000000012 /* Localizable.strings in Resources */ = {isa = PBXBuildFile; fileRef = AB0000000000000000000001 /* Localizable.strings */; };
		A10000000000000000000014 /* Assets.xcassets in Resources */ = {isa = PBXBuildFile; fileRef = A20000000000000000000014 /* Assets.xcassets */; };
/* End PBXBuildFile section */

/* Begin PBXFileReference section */
		A30000000000000000000001 /* Preguntitas.app */ = {isa = PBXFileReference; explicitFileType = wrapper.application; includeInIndex = 0; path = Preguntitas.app; sourceTree = BUILT_PRODUCTS_DIR; };
		A20000000000000000000001 /* PreguntitasApp.swift */ = {isa = PBXFileReference; lastKnownFileType = sourcecode.swift; path = PreguntitasApp.swift; sourceTree = "<group>"; };
		A20000000000000000000002 /* RootView.swift */ = {isa = PBXFileReference; lastKnownFileType = sourcecode.swift; path = RootView.swift; sourceTree = "<group>"; };
		A20000000000000000000003 /* Models.swift */ = {isa = PBXFileReference; lastKnownFileType = sourcecode.swift; path = Models.swift; sourceTree = "<group>"; };
		A20000000000000000000004 /* Theme.swift */ = {isa = PBXFileReference; lastKnownFileType = sourcecode.swift; path = Theme.swift; sourceTree = "<group>"; };
		A20000000000000000000005 /* AppPersistence.swift */ = {isa = PBXFileReference; lastKnownFileType = sourcecode.swift; path = AppPersistence.swift; sourceTree = "<group>"; };
		A20000000000000000000006 /* LocaleSupport.swift */ = {isa = PBXFileReference; lastKnownFileType = sourcecode.swift; path = LocaleSupport.swift; sourceTree = "<group>"; };
		A20000000000000000000007 /* NotionConfig.swift */ = {isa = PBXFileReference; lastKnownFileType = sourcecode.swift; path = NotionConfig.swift; sourceTree = "<group>"; };
		A20000000000000000000008 /* NotionClient.swift */ = {isa = PBXFileReference; lastKnownFileType = sourcecode.swift; path = NotionClient.swift; sourceTree = "<group>"; };
		A20000000000000000000009 /* QuestionStore.swift */ = {isa = PBXFileReference; lastKnownFileType = sourcecode.swift; path = QuestionStore.swift; sourceTree = "<group>"; };
		A2000000000000000000000A /* AppNotifications.swift */ = {isa = PBXFileReference; lastKnownFileType = sourcecode.swift; path = AppNotifications.swift; sourceTree = "<group>"; };
		A2000000000000000000000B /* SplashView.swift */ = {isa = PBXFileReference; lastKnownFileType = sourcecode.swift; path = SplashView.swift; sourceTree = "<group>"; };
		A2000000000000000000000C /* OnboardingView.swift */ = {isa = PBXFileReference; lastKnownFileType = sourcecode.swift; path = OnboardingView.swift; sourceTree = "<group>"; };
		A2000000000000000000000D /* HomeView.swift */ = {isa = PBXFileReference; lastKnownFileType = sourcecode.swift; path = HomeView.swift; sourceTree = "<group>"; };
		A2000000000000000000000E /* QuestionsDeckView.swift */ = {isa = PBXFileReference; lastKnownFileType = sourcecode.swift; path = QuestionsDeckView.swift; sourceTree = "<group>"; };
		A2000000000000000000000F /* FavoritesView.swift */ = {isa = PBXFileReference; lastKnownFileType = sourcecode.swift; path = FavoritesView.swift; sourceTree = "<group>"; };
		A20000000000000000000010 /* SettingsView.swift */ = {isa = PBXFileReference; lastKnownFileType = sourcecode.swift; path = SettingsView.swift; sourceTree = "<group>"; };
		A20000000000000000000011 /* questions.json */ = {isa = PBXFileReference; lastKnownFileType = text.json; path = questions.json; sourceTree = "<group>"; };
		AB0000000000000000000002 /* Localizable.strings */ = {isa = PBXFileReference; lastKnownFileType = text.plist.strings; name = "en"; path = en.lproj/Localizable.strings; sourceTree = "<group>"; };
		AB0000000000000000000003 /* Localizable.strings */ = {isa = PBXFileReference; lastKnownFileType = text.plist.strings; name = "es"; path = es.lproj/Localizable.strings; sourceTree = "<group>"; };
		A20000000000000000000014 /* Assets.xcassets */ = {isa = PBXFileReference; lastKnownFileType = folder.assetcatalog; path = Assets.xcassets; sourceTree = "<group>"; };
		A20000000000000000000015 /* Info.plist */ = {isa = PBXFileReference; lastKnownFileType = text.plist.xml; path = Info.plist; sourceTree = "<group>"; };
		A90000000000000000000003 /* Config.xcconfig */ = {isa = PBXFileReference; lastKnownFileType = text.xcconfig; path = Config.xcconfig; sourceTree = "<group>"; };
/* End PBXFileReference section */

/* Begin PBXVariantGroup section */
		AB0000000000000000000001 /* Localizable.strings */ = {
			isa = PBXVariantGroup;
			children = (
				AB0000000000000000000002 /* Localizable.strings */,
				AB0000000000000000000003 /* Localizable.strings */,
			);
			name = Localizable.strings;
			sourceTree = "<group>";
		};
/* End PBXVariantGroup section */

/* Begin PBXFrameworksBuildPhase section */
		A40000000000000000000001 /* Frameworks */ = {
			isa = PBXFrameworksBuildPhase;
			buildActionMask = 2147483647;
			files = (
			);
			runOnlyForDeploymentPostprocessing = 0;
		};
/* End PBXFrameworksBuildPhase section */

/* Begin PBXGroup section */
		A50000000000000000000000 = {
			isa = PBXGroup;
			children = (
				A90000000000000000000003 /* Config.xcconfig */,
				A50000000000000000000001 /* Preguntitas */,
				A50000000000000000000002 /* Products */,
			);
			sourceTree = "<group>";
		};
		A50000000000000000000001 /* Preguntitas */ = {
			isa = PBXGroup;
			children = (
				A20000000000000000000015 /* Info.plist */,
				A20000000000000000000014 /* Assets.xcassets */,
				A20000000000000000000001 /* PreguntitasApp.swift */,
				A20000000000000000000002 /* RootView.swift */,
				A20000000000000000000003 /* Models.swift */,
				A20000000000000000000004 /* Theme.swift */,
				A20000000000000000000005 /* AppPersistence.swift */,
				A20000000000000000000006 /* LocaleSupport.swift */,
				A20000000000000000000007 /* NotionConfig.swift */,
				A20000000000000000000008 /* NotionClient.swift */,
				A20000000000000000000009 /* QuestionStore.swift */,
				A2000000000000000000000A /* AppNotifications.swift */,
				A50000000000000000000003 /* Views */,
				A50000000000000000000004 /* Resources */,
			);
			path = Preguntitas;
			sourceTree = "<group>";
		};
		A50000000000000000000003 /* Views */ = {
			isa = PBXGroup;
			children = (
				A2000000000000000000000B /* SplashView.swift */,
				A2000000000000000000000C /* OnboardingView.swift */,
				A2000000000000000000000D /* HomeView.swift */,
				A2000000000000000000000E /* QuestionsDeckView.swift */,
				A2000000000000000000000F /* FavoritesView.swift */,
				A20000000000000000000010 /* SettingsView.swift */,
			);
			path = Views;
			sourceTree = "<group>";
		};
		A50000000000000000000004 /* Resources */ = {
			isa = PBXGroup;
			children = (
				A20000000000000000000011 /* questions.json */,
				AB0000000000000000000001 /* Localizable.strings */,
			);
			path = Resources;
			sourceTree = "<group>";
		};
		A50000000000000000000002 /* Products */ = {
			isa = PBXGroup;
			children = (
				A30000000000000000000001 /* Preguntitas.app */,
			);
			name = Products;
			sourceTree = "<group>";
		};
/* End PBXGroup section */

/* Begin PBXNativeTarget section */
		A60000000000000000000001 /* Preguntitas */ = {
			isa = PBXNativeTarget;
			buildConfigurationList = A80000000000000000000002 /* Build configuration list for PBXNativeTarget "Preguntitas" */;
			buildPhases = (
				A70000000000000000000001 /* Sources */,
				A40000000000000000000001 /* Frameworks */,
				A70000000000000000000002 /* Resources */,
			);
			buildRules = (
			);
			dependencies = (
			);
			name = Preguntitas;
			productName = Preguntitas;
			productReference = A30000000000000000000001 /* Preguntitas.app */;
			productType = "com.apple.product-type.application";
		};
/* End PBXNativeTarget section */

/* Begin PBXProject section */
		A60000000000000000000002 /* Project object */ = {
			isa = PBXProject;
			attributes = {
				BuildIndependentTargetsInParallel = 1;
				LastSwiftUpdateCheck = 1500;
				LastUpgradeCheck = 1500;
				TargetAttributes = {
					A60000000000000000000001 = {
						CreatedOnToolsVersion = 15.0;
					};
				};
			};
			buildConfigurationList = A80000000000000000000001 /* Build configuration list for PBXProject "Preguntitas" */;
			compatibilityVersion = "Xcode 14.0";
			developmentRegion = en;
			hasScannedForEncodings = 0;
			knownRegions = (
				en,
				es,
				Base,
			);
			mainGroup = A50000000000000000000000;
			productRefGroup = A50000000000000000000002 /* Products */;
			projectDirPath = "";
			projectRoot = "";
			targets = (
				A60000000000000000000001 /* Preguntitas */,
			);
		};
/* End PBXProject section */

/* Begin PBXResourcesBuildPhase section */
		A70000000000000000000002 /* Resources */ = {
			isa = PBXResourcesBuildPhase;
			buildActionMask = 2147483647;
			files = (
				A10000000000000000000011 /* questions.json in Resources */,
				A10000000000000000000012 /* Localizable.strings in Resources */,
				A10000000000000000000014 /* Assets.xcassets in Resources */,
			);
			runOnlyForDeploymentPostprocessing = 0;
		};
/* End PBXResourcesBuildPhase section */

/* Begin PBXSourcesBuildPhase section */
		A70000000000000000000001 /* Sources */ = {
			isa = PBXSourcesBuildPhase;
			buildActionMask = 2147483647;
			files = (
				A10000000000000000000001 /* PreguntitasApp.swift in Sources */,
				A10000000000000000000002 /* RootView.swift in Sources */,
				A10000000000000000000003 /* Models.swift in Sources */,
				A10000000000000000000004 /* Theme.swift in Sources */,
				A10000000000000000000005 /* AppPersistence.swift in Sources */,
				A10000000000000000000006 /* LocaleSupport.swift in Sources */,
				A10000000000000000000007 /* NotionConfig.swift in Sources */,
				A10000000000000000000008 /* NotionClient.swift in Sources */,
				A10000000000000000000009 /* QuestionStore.swift in Sources */,
				A1000000000000000000000A /* AppNotifications.swift in Sources */,
				A1000000000000000000000B /* SplashView.swift in Sources */,
				A1000000000000000000000C /* OnboardingView.swift in Sources */,
				A1000000000000000000000D /* HomeView.swift in Sources */,
				A1000000000000000000000E /* QuestionsDeckView.swift in Sources */,
				A1000000000000000000000F /* FavoritesView.swift in Sources */,
				A10000000000000000000010 /* SettingsView.swift in Sources */,
			);
			runOnlyForDeploymentPostprocessing = 0;
		};
/* End PBXSourcesBuildPhase section */

/* Begin XCBuildConfiguration section */
		A90000000000000000000001 /* Debug */ = {
			isa = XCBuildConfiguration;
			baseConfigurationReference = A90000000000000000000003 /* Config.xcconfig */;
			buildSettings = {
				ALWAYS_SEARCH_USER_PATHS = NO;
				ASSETCATALOG_COMPILER_GENERATE_SWIFT_ASSET_SYMBOL_EXTENSIONS = YES;
				CLANG_ANALYZER_NONNULL = YES;
				CLANG_ANALYZER_NUMBER_OBJECT_CONVERSION = YES_AGGRESSIVE;
				CLANG_CXX_LANGUAGE_STANDARD = "gnu++20";
				CLANG_ENABLE_MODULES = YES;
				CLANG_ENABLE_OBJC_ARC = YES;
				CLANG_WARN_BLOCK_CAPTURE_AUTORELEASING = YES;
				CLANG_WARN_BOOL_CONVERSION = YES;
				CLANG_WARN_COMMA = YES;
				CLANG_WARN_CONSTANT_CONVERSION = YES;
				CLANG_WARN_DEPRECATED_OBJC_IMPLEMENTATIONS = YES;
				CLANG_WARN_DIRECT_OBJC_ISA_USAGE = YES_ERROR;
				CLANG_WARN_DOCUMENTATION_COMMENTS = YES;
				CLANG_WARN_EMPTY_BODY = YES;
				CLANG_WARN_ENUM_CONVERSION = YES;
				CLANG_WARN_INFINITE_RECURSION = YES;
				CLANG_WARN_INT_CONVERSION = YES;
				CLANG_WARN_NON_LITERAL_NULL_CONVERSION = YES;
				CLANG_WARN_OBJC_IMPLICIT_RETAIN_SELF = YES;
				CLANG_WARN_OBJC_LITERAL_CONVERSION = YES;
				CLANG_WARN_QUOTED_INCLUDE_IN_FRAMEWORK_HEADER = YES;
				CLANG_WARN_RANGE_LOOP_ANALYSIS = YES;
				CLANG_WARN_STRICT_PROTOTYPES = YES;
				CLANG_WARN_SUSPICIOUS_MOVE = YES;
				CLANG_WARN_UNREACHABLE_CODE = YES;
				CLANG_WARN__DUPLICATE_METHOD_MATCH = YES;
				COPY_PHASE_STRIP = NO;
				DEBUG_INFORMATION_FORMAT = dwarf;
				ENABLE_STRICT_OBJC_MSGSEND = YES;
				ENABLE_TESTABILITY = YES;
				ENABLE_USER_SCRIPT_SANDBOXING = YES;
				GCC_C_LANGUAGE_STANDARD = gnu17;
				GCC_DYNAMIC_NO_PIC = NO;
				GCC_NO_COMMON_BLOCKS = YES;
				GCC_OPTIMIZATION_LEVEL = 0;
				GCC_PREPROCESSOR_DEFINITIONS = (
					"DEBUG=1",
					"$(inherited)",
				);
				GCC_WARN_64_TO_32_BIT_CONVERSION = YES;
				GCC_WARN_ABOUT_RETURN_TYPE = YES_ERROR;
				GCC_WARN_UNDECLARED_SELECTOR = YES;
				GCC_WARN_UNINITIALIZED_AUTOS = YES_AGGRESSIVE;
				GCC_WARN_UNUSED_FUNCTION = YES;
				GCC_WARN_UNUSED_VARIABLE = YES;
				IPHONEOS_DEPLOYMENT_TARGET = 17.0;
				LOCALIZATION_PREFERS_STRING_CATALOGS = NO;
				MTL_ENABLE_DEBUG_INFO = INCLUDE_SOURCE;
				MTL_FAST_MATH = YES;
				NOTION_API_KEY = "";
				NOTION_DATABASE_ID = "";
				ONLY_ACTIVE_ARCH = YES;
				SDKROOT = iphoneos;
				SWIFT_ACTIVE_COMPILATION_CONDITIONS = "DEBUG $(inherited)";
				SWIFT_OPTIMIZATION_LEVEL = "-Onone";
			};
			name = Debug;
		};
		A90000000000000000000002 /* Release */ = {
			isa = XCBuildConfiguration;
			baseConfigurationReference = A90000000000000000000003 /* Config.xcconfig */;
			buildSettings = {
				ALWAYS_SEARCH_USER_PATHS = NO;
				ASSETCATALOG_COMPILER_GENERATE_SWIFT_ASSET_SYMBOL_EXTENSIONS = YES;
				CLANG_ANALYZER_NONNULL = YES;
				CLANG_ANALYZER_NUMBER_OBJECT_CONVERSION = YES_AGGRESSIVE;
				CLANG_CXX_LANGUAGE_STANDARD = "gnu++20";
				CLANG_ENABLE_MODULES = YES;
				CLANG_ENABLE_OBJC_ARC = YES;
				CLANG_WARN_BLOCK_CAPTURE_AUTORELEASING = YES;
				CLANG_WARN_BOOL_CONVERSION = YES;
				CLANG_WARN_COMMA = YES;
				CLANG_WARN_CONSTANT_CONVERSION = YES;
				CLANG_WARN_DEPRECATED_OBJC_IMPLEMENTATIONS = YES;
				CLANG_WARN_DIRECT_OBJC_ISA_USAGE = YES_ERROR;
				CLANG_WARN_DOCUMENTATION_COMMENTS = YES;
				CLANG_WARN_EMPTY_BODY = YES;
				CLANG_WARN_ENUM_CONVERSION = YES;
				CLANG_WARN_INFINITE_RECURSION = YES;
				CLANG_WARN_INT_CONVERSION = YES;
				CLANG_WARN_NON_LITERAL_NULL_CONVERSION = YES;
				CLANG_WARN_OBJC_IMPLICIT_RETAIN_SELF = YES;
				CLANG_WARN_OBJC_LITERAL_CONVERSION = YES;
				CLANG_WARN_QUOTED_INCLUDE_IN_FRAMEWORK_HEADER = YES;
				CLANG_WARN_RANGE_LOOP_ANALYSIS = YES;
				CLANG_WARN_STRICT_PROTOTYPES = YES;
				CLANG_WARN_SUSPICIOUS_MOVE = YES;
				CLANG_WARN_UNREACHABLE_CODE = YES;
				CLANG_WARN__DUPLICATE_METHOD_MATCH = YES;
				COPY_PHASE_STRIP = NO;
				DEBUG_INFORMATION_FORMAT = "dwarf-with-dsym";
				ENABLE_NS_ASSERTIONS = NO;
				ENABLE_STRICT_OBJC_MSGSEND = YES;
				ENABLE_USER_SCRIPT_SANDBOXING = YES;
				GCC_C_LANGUAGE_STANDARD = gnu17;
				GCC_NO_COMMON_BLOCKS = YES;
				GCC_WARN_64_TO_32_BIT_CONVERSION = YES;
				GCC_WARN_ABOUT_RETURN_TYPE = YES_ERROR;
				GCC_WARN_UNDECLARED_SELECTOR = YES;
				GCC_WARN_UNINITIALIZED_AUTOS = YES_AGGRESSIVE;
				GCC_WARN_UNUSED_FUNCTION = YES;
				GCC_WARN_UNUSED_VARIABLE = YES;
				IPHONEOS_DEPLOYMENT_TARGET = 17.0;
				LOCALIZATION_PREFERS_STRING_CATALOGS = NO;
				MTL_ENABLE_DEBUG_INFO = NO;
				MTL_FAST_MATH = YES;
				NOTION_API_KEY = "";
				NOTION_DATABASE_ID = "";
				SDKROOT = iphoneos;
				SWIFT_COMPILATION_MODE = wholemodule;
				VALIDATE_PRODUCT = YES;
			};
			name = Release;
		};
		A90000000000000000000004 /* Debug */ = {
			isa = XCBuildConfiguration;
			buildSettings = {
				ASSETCATALOG_COMPILER_APPICON_NAME = AppIcon;
				ASSETCATALOG_COMPILER_GLOBAL_ACCENT_COLOR_NAME = AccentColor;
				CODE_SIGN_STYLE = Automatic;
				CURRENT_PROJECT_VERSION = 1;
				DEVELOPMENT_TEAM = "";
				ENABLE_PREVIEWS = YES;
				GENERATE_INFOPLIST_FILE = NO;
				INFOPLIST_FILE = Preguntitas/Info.plist;
				INFOPLIST_KEY_CFBundleDisplayName = Shallow;
				INFOPLIST_KEY_LSApplicationCategoryType = "public.app-category.lifestyle";
				INFOPLIST_KEY_UIApplicationSceneManifest_Generation = YES;
				INFOPLIST_KEY_UILaunchScreen_Generation = YES;
				INFOPLIST_KEY_UISupportedInterfaceOrientations = UIInterfaceOrientationPortrait;
				LD_RUNPATH_SEARCH_PATHS = (
					"$(inherited)",
					"@executable_path/Frameworks",
				);
				MARKETING_VERSION = 1.0;
				PRODUCT_BUNDLE_IDENTIFIER = com.shallow.preguntitas;
				PRODUCT_NAME = "$(TARGET_NAME)";
				SWIFT_EMIT_LOC_STRINGS = YES;
				SWIFT_VERSION = 5.0;
				TARGETED_DEVICE_FAMILY = "1,2";
			};
			name = Debug;
		};
		A90000000000000000000005 /* Release */ = {
			isa = XCBuildConfiguration;
			buildSettings = {
				ASSETCATALOG_COMPILER_APPICON_NAME = AppIcon;
				ASSETCATALOG_COMPILER_GLOBAL_ACCENT_COLOR_NAME = AccentColor;
				CODE_SIGN_STYLE = Automatic;
				CURRENT_PROJECT_VERSION = 1;
				DEVELOPMENT_TEAM = "";
				ENABLE_PREVIEWS = YES;
				GENERATE_INFOPLIST_FILE = NO;
				INFOPLIST_FILE = Preguntitas/Info.plist;
				INFOPLIST_KEY_CFBundleDisplayName = Shallow;
				INFOPLIST_KEY_LSApplicationCategoryType = "public.app-category.lifestyle";
				INFOPLIST_KEY_UIApplicationSceneManifest_Generation = YES;
				INFOPLIST_KEY_UILaunchScreen_Generation = YES;
				INFOPLIST_KEY_UISupportedInterfaceOrientations = UIInterfaceOrientationPortrait;
				LD_RUNPATH_SEARCH_PATHS = (
					"$(inherited)",
					"@executable_path/Frameworks",
				);
				MARKETING_VERSION = 1.0;
				PRODUCT_BUNDLE_IDENTIFIER = com.shallow.preguntitas;
				PRODUCT_NAME = "$(TARGET_NAME)";
				SWIFT_EMIT_LOC_STRINGS = YES;
				SWIFT_VERSION = 5.0;
				TARGETED_DEVICE_FAMILY = "1,2";
			};
			name = Release;
		};
/* End XCBuildConfiguration section */

/* Begin XCConfigurationList section */
		A80000000000000000000001 /* Build configuration list for PBXProject "Preguntitas" */ = {
			isa = XCConfigurationList;
			buildConfigurations = (
				A90000000000000000000001 /* Debug */,
				A90000000000000000000002 /* Release */,
			);
			defaultConfigurationIsVisible = 0;
			defaultConfigurationName = Release;
		};
		A80000000000000000000002 /* Build configuration list for PBXNativeTarget "Preguntitas" */ = {
			isa = XCConfigurationList;
			buildConfigurations = (
				A90000000000000000000004 /* Debug */,
				A90000000000000000000005 /* Release */,
			);
			defaultConfigurationIsVisible = 0;
			defaultConfigurationName = Release;
		};
/* End XCConfigurationList section */
	};
	rootObject = A60000000000000000000002 /* Project object */;
}
